
Microsoft Visual Studio Solution File, Format Version 12.00
# Visual Studio Version 17
VisualStudioVersion = 17.13.35825.156
MinimumVisualStudioVersion = 10.0.40219.1
Project("{2150E333-8FDC-42A3-9474-1A3956D46DE8}") = "Chapter01", "Chapter01", "{DDB4EF12-CC4E-5E88-E6FC-71A802F4DE97}"
EndProject
Project("{FAE04EC0-301F-11D3-BF4B-00C04F79EFBC}") = "ProductSample", "Chapter01\ProductSample\ProductSample.csproj", "{E80389DF-02A5-4D62-9D4C-9A2D8401A811}"
EndProject
Project("{2150E333-8FDC-42A3-9474-1A3956D46DE8}") = "Chapter02", "Chapter02", "{FF41652B-327B-4960-A44B-99E8801684BC}"
EndProject
Project("{FAE04EC0-301F-11D3-BF4B-00C04F79EFBC}") = "DistanceConverter", "Chapter02\DistanceConverter\DistanceConverter.csproj", "{914B07C5-9A4D-4AB7-ACFA-B547FE3A6A99}"
EndProject
Project("{2150E333-8FDC-42A3-9474-1A3956D46DE8}") = "演習問題", "演習問題", "{4D2E57B9-0DD4-4A93-A60C-CAE103E6403B}"
EndProject
Project("{FAE04EC0-301F-11D3-BF4B-00C04F79EFBC}") = "Exercise02", "Chapter02\演習問題\Exercise02\Exercise02.csproj", "{F46849CB-CA83-4C54-9154-030BDE4E5A3A}"
EndProject
Project("{2150E333-8FDC-42A3-9474-1A3956D46DE8}") = "FormApps", "FormApps", "{BABDCBF2-69B7-42FB-A29E-43A858D9F262}"
EndProject
Project("{FAE04EC0-301F-11D3-BF4B-00C04F79EFBC}") = "UnitConverter", "FormApps\UnitConverter\UnitConverter.csproj", "{0DA0BCDC-7BD4-4CED-A637-5E1E858D4659}"
EndProject
Project("{FAE04EC0-301F-11D3-BF4B-00C04F79EFBC}") = "StopWatch", "FormApps\StopWatch\StopWatch.csproj", "{9C32A035-F82A-4B78-8280-257147676357}"
EndProject
Project("{2150E333-8FDC-42A3-9474-1A3956D46DE8}") = "売り上げ集計プログラム", "売り上げ集計プログラム", "{3C9F421C-B2D9-4079-AA89-112389A20330}"
EndProject
Project("{FAE04EC0-301F-11D3-BF4B-00C04F79EFBC}") = "SalesCalculator", "Chapter02\SalesCalculator\SalesCalculator.csproj", "{D285FB50-384B-4727-A5AE-A4B01AE81379}"
EndProject
Project("{2150E333-8FDC-42A3-9474-1A3956D46DE8}") = "Chapter03", "Chapter03", "{3707F3AC-D262-4ED2-9066-E526F1378E33}"
EndProject
Project("{FAE04EC0-301F-11D3-BF4B-00C04F79EFBC}") = "Section01", "Chapter03\Section01\Section01.csproj", "{A727B4DB-A908-C542-FCF2-2C77B3E0412D}"
EndProject
Project("{2150E333-8FDC-42A3-9474-1A3956D46DE8}") = "演習問題", "演習問題", "{8ABA432C-5E43-4A8E-B8AE-3E6E727B80C3}"
EndProject
Project("{FAE04EC0-301F-11D3-BF4B-00C04F79EFBC}") = "Exercise02", "Chapter03\演習問題\Exercise02\Exercise02.csproj", "{9661600F-9E2E-EC39-AFA2-64DBC15CE967}"
EndProject
Project("{2150E333-8FDC-42A3-9474-1A3956D46DE8}") = "ラムダ式", "ラムダ式", "{27EEB132-2120-4689-B57F-EC6A648F49E2}"
EndProject
Project("{FAE04EC0-301F-11D3-BF4B-00C04F79EFBC}") = "Ramda", "Chapter03\ラムダ式\Ramda\Ramda.csproj", "{96827434-6D81-4D07-B82D-FDAD22BDD051}"
EndProject
Project("{FAE04EC0-301F-11D3-BF4B-00C04F79EFBC}") = "Section04", "Chapter03\Section04\Section04.csproj", "{1CE2D77B-C8C1-4EDC-836B-3C2A385A31E2}"
EndProject
Project("{FAE04EC0-301F-11D3-BF4B-00C04F79EFBC}") = "Exercise01", "Chapter03\演習問題\Exercise01\Exercise01.csproj", "{DC202464-2962-4094-8648-03DE67976089}"
EndProject
Project("{2150E333-8FDC-42A3-9474-1A3956D46DE8}") = "Chapter04", "Chapter04", "{96E87D5F-D9DE-4F2A-8227-FB768E566213}"
EndProject
Project("{FAE04EC0-301F-11D3-BF4B-00C04F79EFBC}") = "Section04", "Chapter04\Section04\Section04.csproj", "{26754133-AC86-471A-91DA-901A641F7D82}"
EndProject
Project("{2150E333-8FDC-42A3-9474-1A3956D46DE8}") = "演習問題", "演習問題", "{1C3D6C91-2DA7-4E07-950F-88C1740020FC}"
EndProject
Project("{FAE04EC0-301F-11D3-BF4B-00C04F79EFBC}") = "Exercise01", "Chapter04\演習問題\Exercise01\Exercise01.csproj", "{AF7FEB28-D073-4CB7-83A1-9FED30EF23A5}"
EndProject
Project("{FAE04EC0-301F-11D3-BF4B-00C04F79EFBC}") = "Exercise02", "Chapter04\演習問題\Exercise02\Exercise02\Exercise02.csproj", "{23346C16-8945-473A-920C-F0DEB0CD08CD}"
EndProject
Project("{2150E333-8FDC-42A3-9474-1A3956D46DE8}") = "LINQ", "LINQ", "{7B362B1B-A9BF-464C-A176-043C048A928C}"
EndProject
Project("{FAE04EC0-301F-11D3-BF4B-00C04F79EFBC}") = "LinqSample", "LINQ\LinqSample\LinqSample.csproj", "{7469DA2D-5F9E-4C3E-86E9-F7C94BC80176}"
EndProject
Project("{2150E333-8FDC-42A3-9474-1A3956D46DE8}") = "Chapter07", "Chapter07", "{7CB34CE4-5112-4EB3-8306-BA8C7E89D4B6}"
EndProject
Project("{2150E333-8FDC-42A3-9474-1A3956D46DE8}") = "演習問題", "演習問題", "{31C39B11-77F3-4D26-95A9-99750D74D2E1}"
EndProject
Project("{FAE04EC0-301F-11D3-BF4B-00C04F79EFBC}") = "Exercise01", "Chapter07\演習問題\Exercise01\Exercise01.csproj", "{F4054D1B-421E-41ED-A1AA-7FA17C5ED71E}"
EndProject
Project("{FAE04EC0-301F-11D3-BF4B-00C04F79EFBC}") = "Section01", "Chapter07\Section01\Section01.csproj", "{47C3CE43-BBA5-42AA-9713-153FC7726218}"
EndProject
Project("{FAE04EC0-301F-11D3-BF4B-00C04F79EFBC}") = "Section05", "Chapter07\Section05\Section05.csproj", "{7828B381-59DB-4A16-AED4-49726043298E}"
EndProject
Project("{FAE04EC0-301F-11D3-BF4B-00C04F79EFBC}") = "Exercise02", "Chapter07\演習問題\Exercise02\Exercise02.csproj", "{E7C71E48-BABC-4967-B020-E49A9D2FF6FA}"
EndProject
Project("{2150E333-8FDC-42A3-9474-1A3956D46DE8}") = "Chapter06", "Chapter06", "{F63833CF-D61C-4311-AB94-2B6E4F021490}"
EndProject
Project("{FAE04EC0-301F-11D3-BF4B-00C04F79EFBC}") = "Section01", "Chapter06\Setion01\Section01.csproj", "{A870D640-E6B6-4204-A662-E1139944FB7F}"
EndProject
Project("{2150E333-8FDC-42A3-9474-1A3956D46DE8}") = "演習問題", "演習問題", "{207D8C4D-8D9F-4F69-880F-7CE33A0E8797}"
EndProject
Project("{FAE04EC0-301F-11D3-BF4B-00C04F79EFBC}") = "Exercise01", "Chapter06\演習問題\Exercise0101\Exercise01.csproj", "{C523AE4D-F3E1-409B-AB84-C79BE981F780}"
EndProject
Project("{FAE04EC0-301F-11D3-BF4B-00C04F79EFBC}") = "Exercise03", "Chapter06\演習問題\Exercise03\Exercise03.csproj", "{7E01440B-9613-4A8B-82CC-5A6EC2D1592A}"
EndProject
Project("{FAE04EC0-301F-11D3-BF4B-00C04F79EFBC}") = "Exercise04", "Chapter06\演習問題\Exercise04\Exercise04.csproj", "{9B95125D-9B25-4ACE-8BCD-77F0579A233F}"
EndProject
Project("{FAE04EC0-301F-11D3-BF4B-00C04F79EFBC}") = "Exercise02", "Chapter06\演習問題\Exercise02\Exercise02.csproj", "{DEB4AA33-ABD8-4108-B7EF-7FF3E32F3F6B}"
EndProject
Project("{FAE04EC0-301F-11D3-BF4B-00C04F79EFBC}") = "Section03", "Chapter06\Section03\Section03.csproj", "{3088D3EB-6064-4724-BD7E-9EBB63B5BEE7}"
EndProject
Project("{2150E333-8FDC-42A3-9474-1A3956D46DE8}") = "Chapter05", "Chapter05", "{D80979E4-BD5F-491D-AF89-6EE7FC465DAB}"
EndProject
Project("{2150E333-8FDC-42A3-9474-1A3956D46DE8}") = "演習問題", "演習問題", "{643AD9C4-0821-4B54-9E01-0D56C70B6BC7}"
EndProject
Project("{FAE04EC0-301F-11D3-BF4B-00C04F79EFBC}") = "Section01", "Chapter05\Section01\Section01.csproj", "{4F1956FF-98E8-480F-8E91-5857A6721A96}"
EndProject
Project("{FAE04EC0-301F-11D3-BF4B-00C04F79EFBC}") = "Secton02", "Chapter05\Secton02\Secton02.csproj", "{9483D2C5-E3F0-4BD6-A51E-87F3A23653AA}"
EndProject
Project("{FAE04EC0-301F-11D3-BF4B-00C04F79EFBC}") = "Exercise01", "Chapter05\演習問題\Exercise01\Exercise01.csproj", "{30CD0DB9-378F-4DBA-8F86-2936C1356C54}"
EndProject
Project("{FAE04EC0-301F-11D3-BF4B-00C04F79EFBC}") = "Exercise02", "Chapter05\演習問題\Exercise02\Exercise02.csproj", "{A6FF96DC-2485-4795-9A71-69A31932E8C9}"
EndProject
Project("{2150E333-8FDC-42A3-9474-1A3956D46DE8}") = "Chapter08", "Chapter08", "{408E878E-6EAF-4103-8F18-A4C459EFE80E}"
EndProject
Project("{2150E333-8FDC-42A3-9474-1A3956D46DE8}") = "演習問題", "演習問題", "{EF0666F1-A422-4316-9C0F-19927AC854BC}"
EndProject
Project("{FAE04EC0-301F-11D3-BF4B-00C04F79EFBC}") = "Exercise01", "Chapter08\演習問題\Exercise01\Exercise01.csproj", "{B9675A46-2A37-4057-B79D-084310C675EC}"
EndProject
Project("{FAE04EC0-301F-11D3-BF4B-00C04F79EFBC}") = "PrefCapitalLocationSystem", "Chapter08\PrefCapitalLocationSystem\PrefCapitalLocationSystem.csproj", "{BA3B5C5E-D6A4-39ED-6760-036CDB62E249}"
EndProject
Project("{FAE04EC0-301F-11D3-BF4B-00C04F79EFBC}") = "Session03", "Chapter08\Session03\Session03.csproj", "{3F2FC97C-ABB6-448A-9F02-F5B2CB54C50A}"
EndProject
Project("{FAE04EC0-301F-11D3-BF4B-00C04F79EFBC}") = "Exercise02", "Chapter08\演習問題\Exercise02\Exercise02.csproj", "{B3EF536E-913B-40D6-A5AE-D58CE9EB0D23}"
EndProject
Project("{2150E333-8FDC-42A3-9474-1A3956D46DE8}") = "Test01", "Test01", "{35819D6E-E250-443D-8D09-9A924C3AF0F6}"
EndProject
Project("{FAE04EC0-301F-11D3-BF4B-00C04F79EFBC}") = "Test01", "Test01\Test01\Test01.csproj", "{6EF7678A-A725-F430-3097-30F090C0100A}"
EndProject
Project("{FAE04EC0-301F-11D3-BF4B-00C04F79EFBC}") = "Test02", "Test01\Test02\Test02.csproj", "{010D0C11-D6A2-3CA6-3281-4E0FD547EC2D}"
EndProject
Project("{2150E333-8FDC-42A3-9474-1A3956D46DE8}") = "Chapter09", "Chapter09", "{59EF722E-1E47-4819-A39C-52653C9ADC93}"
EndProject
Project("{FAE04EC0-301F-11D3-BF4B-00C04F79EFBC}") = "Session01", "Chater09\Session01\Session01.csproj", "{16F64792-B317-4B0B-98AC-48E370B27EB9}"
EndProject
Project("{2150E333-8FDC-42A3-9474-1A3956D46DE8}") = "演習問題", "演習問題", "{44991D2C-4113-4087-BC0E-DB5A47DC7C77}"
EndProject
Project("{FAE04EC0-301F-11D3-BF4B-00C04F79EFBC}") = "Exercise01", "Chater09\演習問題\Exercise01\Exercise01.csproj", "{0F59E2AD-F079-4B6E-874E-090CF1A72C90}"
EndProject
Project("{FAE04EC0-301F-11D3-BF4B-00C04F79EFBC}") = "Exercise02", "Chater09\演習問題\Exercise02\Exercise02.csproj", "{32503FBE-ACC9-5F3A-E201-EDA1D29F31DD}"
EndProject
Project("{FAE04EC0-301F-11D3-BF4B-00C04F79EFBC}") = "Exercise03", "Chater09\演習問題\Exercise03\Exercise03.csproj", "{17BFE3D5-C381-9558-25D1-0FE4716074A9}"
EndProject
Project("{FAE04EC0-301F-11D3-BF4B-00C04F79EFBC}") = "CarReportSystem", "FormApps\CarReportSystem\CarReportSystem.csproj", "{D19B0484-16C2-494F-A4F2-A6905B99166E}"
EndProject
Project("{2150E333-8FDC-42A3-9474-1A3956D46DE8}") = "Chapter12", "Chapter12", "{E19DFFE4-990B-4107-939D-64E3A54AE4F8}"
EndProject
Project("{2150E333-8FDC-42A3-9474-1A3956D46DE8}") = "演習問題", "演習問題", "{2F6ABEAE-E72E-480F-BA2F-A2060A3B5817}"
EndProject
Project("{FAE04EC0-301F-11D3-BF4B-00C04F79EFBC}") = "Exercise01", "Chapter12\演習問題\Exercise01\Exercise01.csproj", "{3036301C-D54C-4103-9A71-AAA88A1DB076}"
EndProject
Project("{FAE04EC0-301F-11D3-BF4B-00C04F79EFBC}") = "Section01", "Chapter12\Section01\Section01.csproj", "{2AA25DBB-27C1-4339-9F72-EAD9AF68DAA3}"
EndProject
Project("{FAE04EC0-301F-11D3-BF4B-00C04F79EFBC}") = "Exercise02", "Chapter12\演習問題\Exercise02\Exercise02.csproj", "{48AEF8E9-35C8-4ABD-B3AC-3B0F557A1068}"
EndProject
Project("{FAE04EC0-301F-11D3-BF4B-00C04F79EFBC}") = "Exercise03", "Chapter12\演習問題\Exercise03\Exercise03.csproj", "{F3DDC1C3-B2D4-4A9E-AC06-8232977422F7}"
EndProject
Project("{FAE04EC0-301F-11D3-BF4B-00C04F79EFBC}") = "RssReader", "FormApps\RssReader\RssReader.csproj", "{D660D1BB-ECC6-4005-A43E-0525E9DE9C87}"
EndProject
Project("{2150E333-8FDC-42A3-9474-1A3956D46DE8}") = "Chapter11", "Chapter11", "{F64358B1-D231-43BE-9612-FA2329457ECC}"
EndProject
Project("{FAE04EC0-301F-11D3-BF4B-00C04F79EFBC}") = "Section02", "Chapter11\Section02\Section02.csproj", "{10BC6CE2-E178-405B-8EF1-434AD0500383}"
EndProject
Project("{2150E333-8FDC-42A3-9474-1A3956D46DE8}") = "演習問題", "演習問題", "{17153D85-EE6C-4135-ADA2-D25D4E8FCCF3}"
EndProject
Project("{FAE04EC0-301F-11D3-BF4B-00C04F79EFBC}") = "Exercise01", "Chapter11\演習問題\Exercise01\Exercise01.csproj", "{73517B99-26F1-434A-A7AA-71B3E8B903A2}"
EndProject
Project("{FAE04EC0-301F-11D3-BF4B-00C04F79EFBC}") = "Exercise02", "Chapter11\演習問題\Exercise02\Exercise02.csproj", "{8303AEC9-5E3C-4BAF-96F2-D0ED29ADA488}"
EndProject
Project("{FAE04EC0-301F-11D3-BF4B-00C04F79EFBC}") = "Section03", "Chapter11\Section03\Section03.csproj", "{06C16350-ACC0-4728-A272-92A5F0A1F5DD}"
EndProject
Project("{FAE04EC0-301F-11D3-BF4B-00C04F79EFBC}") = "Exercise03", "Chapter11\演習問題\Exercise03\Exercise03.csproj", "{165AF511-EF3C-4655-9640-70904BA9FBED}"
EndProject
Project("{FAE04EC0-301F-11D3-BF4B-00C04F79EFBC}") = "Section04", "Chapter11\Section04\Section04.csproj", "{FA077A0F-AB42-48EB-84E3-497FA9B8EDA0}"
EndProject
Project("{FAE04EC0-301F-11D3-BF4B-00C04F79EFBC}") = "Exercise04", "Chapter11\演習問題\Exercise04\Exercise04.csproj", "{424C7EB7-17AE-4419-9674-6D27A7BCB68D}"
EndProject
Project("{FAE04EC0-301F-11D3-BF4B-00C04F79EFBC}") = "Exercise05", "Chapter11\演習問題\Exercise05\Exercise05.csproj", "{9305C9F5-1722-4F16-A737-ED52007BF82D}"
EndProject
Project("{2150E333-8FDC-42A3-9474-1A3956D46DE8}") = "WPF", "WPF", "{85759B11-7529-4C50-A6FC-E5462BB83950}"
EndProject
Project("{FAE04EC0-301F-11D3-BF4B-00C04F79EFBC}") = "SampleApplication", "WPF\SampleApplication\SampleApplication.csproj", "{38459577-3C4B-486C-9D25-B06D969132EA}"
EndProject
Project("{FAE04EC0-301F-11D3-BF4B-00C04F79EFBC}") = "SampleSlider", "SampleSlider\SampleSlider.csproj", "{1A0DAAAA-F359-401E-BA69-311AEE378C0B}"
EndProject
Project("{FAE04EC0-301F-11D3-BF4B-00C04F79EFBC}") = "ColorChecker", "WPF\ColorChecker\ColorChecker.csproj", "{FC8A8BD2-1E90-477C-A057-5F6AEAA81946}"
EndProject
Project("{FAE04EC0-301F-11D3-BF4B-00C04F79EFBC}") = "ConverterApp", "WPF\ConverterApp\ConverterApp.csproj", "{88A9C364-E91C-4B34-A59D-8DF3E9B11E52}"
EndProject
Project("{FAE04EC0-301F-11D3-BF4B-00C04F79EFBC}") = "HelloWorld", "WPF\HelloWorld\HelloWorld.csproj", "{29F4190D-A025-4638-AF72-FF8B4D0109D4}"
EndProject
Project("{FAE04EC0-301F-11D3-BF4B-00C04F79EFBC}") = "PrismObservesSample", "WPF\PrismObservesSample\PrismObservesSample.csproj", "{34086659-6595-46D7-8D10-751270616B80}"
EndProject
Project("{FAE04EC0-301F-11D3-BF4B-00C04F79EFBC}") = "SampleUnitConverter", "WPF\SampleUnitConverter\SampleUnitConverter.csproj", "{EF36F4DC-BC96-41C7-9907-3994B3FC39B3}"
EndProject
Project("{2150E333-8FDC-42A3-9474-1A3956D46DE8}") = "SQLlite", "SQLlite", "{6B959610-6586-4F84-8559-325415FD8E32}"
EndProject
Project("{FAE04EC0-301F-11D3-BF4B-00C04F79EFBC}") = "Sample", "SQLite\Sample.MainWindow\Sample.csproj", "{976253CB-8551-4975-A1A1-8A27BC49592D}"
EndProject
Project("{FAE04EC0-301F-11D3-BF4B-00C04F79EFBC}") = "CustomerApp", "SQLite\CustomerApp\CustomerApp.csproj", "{18FAF39B-4964-4269-A12C-62C4FC17E7DB}"
EndProject
Project("{2150E333-8FDC-42A3-9474-1A3956D46DE8}") = "Chapter13", "Chapter13", "{3AC0BD0A-E9AE-4E2F-97DE-000E65D55518}"
EndProject
Project("{FAE04EC0-301F-11D3-BF4B-00C04F79EFBC}") = "Section01", "Chapter13\Section01\Section01.csproj", "{EF0C118C-70E1-4A15-931C-B5A3405C5E8B}"
EndProject
Project("{2150E333-8FDC-42A3-9474-1A3956D46DE8}") = "演習問題", "演習問題", "{C6247E4F-3344-4FEB-9F12-26F8DC42F60E}"
EndProject
Project("{FAE04EC0-301F-11D3-BF4B-00C04F79EFBC}") = "Exercise01", "Chapter13\演習問題\Exercise01\Exercise01.csproj", "{6B7A7131-39C0-44B0-840A-0556F0333B88}"
EndProject
Project("{2150E333-8FDC-42A3-9474-1A3956D46DE8}") = "Chapter14", "Chapter14", "{63D29617-2E36-4ABD-AF59-14D11CFA8F86}"
EndProject
Project("{FAE04EC0-301F-11D3-BF4B-00C04F79EFBC}") = "Section03", "Chapter14\Section03\Section03.csproj", "{79455BBF-8FB7-462A-B2C6-8817F1F931F7}"
EndProject
Project("{2150E333-8FDC-42A3-9474-1A3956D46DE8}") = "演習問題", "演習問題", "{B6F1F073-8BE6-4D01-92ED-6313C1BD076A}"
EndProject
Project("{FAE04EC0-301F-11D3-BF4B-00C04F79EFBC}") = "Exercise01", "Chapter14\演習問題\Exercise01\Exercise01.csproj", "{AF8FE01E-636A-45B0-BF5B-4AC98EE4595E}"
EndProject
Project("{FAE04EC0-301F-11D3-BF4B-00C04F79EFBC}") = "Section04", "Chapter14\Section04\Section04.csproj", "{8770ABC9-F3E3-41A6-BCCF-CF78B6DF11F7}"
EndProject
Project("{FAE04EC0-301F-11D3-BF4B-00C04F79EFBC}") = "WebBrowser", "Chapter14\WebBrowser\WebBrowser.csproj", "{17CDCD2F-47A5-4504-B4DA-EF92EAA73618}"
EndProject
Project("{FAE04EC0-301F-11D3-BF4B-00C04F79EFBC}") = "Section05", "Chapter14\Section05\Section05.csproj", "{F0B05920-50B4-428D-AF22-620A23CF5433}"
EndProject
Project("{2150E333-8FDC-42A3-9474-1A3956D46DE8}") = "Chapter10", "Chapter10", "{78311438-9A9E-4B93-898A-2769BBBA87E6}"
EndProject
Project("{2150E333-8FDC-42A3-9474-1A3956D46DE8}") = "演習問題", "演習問題", "{35F591EE-AA6F-471A-9213-D8C3E3D13226}"
EndProject
Project("{FAE04EC0-301F-11D3-BF4B-00C04F79EFBC}") = "Exercise01", "Chapter10\演習問題\Exercise01\Exercise01.csproj", "{9A04275F-D078-4C10-9A1C-971B85F9DA70}"
EndProject
Project("{2150E333-8FDC-42A3-9474-1A3956D46DE8}") = "Chapter15", "Chapter15", "{2EA82FE4-D950-4B26-A240-EECBF05C9C5D}"
EndProject
Project("{FAE04EC0-301F-11D3-BF4B-00C04F79EFBC}") = "Section01", "Chapter15\Section01\Section01.csproj", "{C9A1E9A5-6010-42B5-BF14-C5913B93BCDF}"
EndProject
Project("{2150E333-8FDC-42A3-9474-1A3956D46DE8}") = "TemplateMethod", "TemplateMethod", "{7669B4FD-8BD3-45E9-8129-6BCFDAA318EC}"
EndProject
Project("{FAE04EC0-301F-11D3-BF4B-00C04F79EFBC}") = "TextFileProcessor", "Chapter15\TemplateMethod\TextFileProcessor\TextFileProcessor.csproj", "{DAB3DE16-3EE6-4CFC-8235-AC7CC3809D32}"
EndProject
Project("{FAE04EC0-301F-11D3-BF4B-00C04F79EFBC}") = "LineCounter", "Chapter15\TemplateMethod\LineCounter\LineCounter.csproj", "{99B1B997-21AA-453E-A837-09D154E980C8}"
EndProject
Global
	GlobalSection(SolutionConfigurationPlatforms) = preSolution
		Debug|Any CPU = Debug|Any CPU
		Release|Any CPU = Release|Any CPU
	EndGlobalSection
	GlobalSection(ProjectConfigurationPlatforms) = postSolution
		{E80389DF-02A5-4D62-9D4C-9A2D8401A811}.Debug|Any CPU.ActiveCfg = Debug|Any CPU
		{E80389DF-02A5-4D62-9D4C-9A2D8401A811}.Debug|Any CPU.Build.0 = Debug|Any CPU
		{E80389DF-02A5-4D62-9D4C-9A2D8401A811}.Release|Any CPU.ActiveCfg = Release|Any CPU
		{E80389DF-02A5-4D62-9D4C-9A2D8401A811}.Release|Any CPU.Build.0 = Release|Any CPU
		{914B07C5-9A4D-4AB7-ACFA-B547FE3A6A99}.Debug|Any CPU.ActiveCfg = Debug|Any CPU
		{914B07C5-9A4D-4AB7-ACFA-B547FE3A6A99}.Debug|Any CPU.Build.0 = Debug|Any CPU
		{914B07C5-9A4D-4AB7-ACFA-B547FE3A6A99}.Release|Any CPU.ActiveCfg = Release|Any CPU
		{914B07C5-9A4D-4AB7-ACFA-B547FE3A6A99}.Release|Any CPU.Build.0 = Release|Any CPU
		{F46849CB-CA83-4C54-9154-030BDE4E5A3A}.Debug|Any CPU.ActiveCfg = Debug|Any CPU
		{F46849CB-CA83-4C54-9154-030BDE4E5A3A}.Debug|Any CPU.Build.0 = Debug|Any CPU
		{F46849CB-CA83-4C54-9154-030BDE4E5A3A}.Release|Any CPU.ActiveCfg = Release|Any CPU
		{F46849CB-CA83-4C54-9154-030BDE4E5A3A}.Release|Any CPU.Build.0 = Release|Any CPU
		{0DA0BCDC-7BD4-4CED-A637-5E1E858D4659}.Debug|Any CPU.ActiveCfg = Debug|Any CPU
		{0DA0BCDC-7BD4-4CED-A637-5E1E858D4659}.Debug|Any CPU.Build.0 = Debug|Any CPU
		{0DA0BCDC-7BD4-4CED-A637-5E1E858D4659}.Release|Any CPU.ActiveCfg = Release|Any CPU
		{0DA0BCDC-7BD4-4CED-A637-5E1E858D4659}.Release|Any CPU.Build.0 = Release|Any CPU
		{9C32A035-F82A-4B78-8280-257147676357}.Debug|Any CPU.ActiveCfg = Debug|Any CPU
		{9C32A035-F82A-4B78-8280-257147676357}.Debug|Any CPU.Build.0 = Debug|Any CPU
		{9C32A035-F82A-4B78-8280-257147676357}.Release|Any CPU.ActiveCfg = Release|Any CPU
		{9C32A035-F82A-4B78-8280-257147676357}.Release|Any CPU.Build.0 = Release|Any CPU
		{D285FB50-384B-4727-A5AE-A4B01AE81379}.Debug|Any CPU.ActiveCfg = Debug|Any CPU
		{D285FB50-384B-4727-A5AE-A4B01AE81379}.Debug|Any CPU.Build.0 = Debug|Any CPU
		{D285FB50-384B-4727-A5AE-A4B01AE81379}.Release|Any CPU.ActiveCfg = Release|Any CPU
		{D285FB50-384B-4727-A5AE-A4B01AE81379}.Release|Any CPU.Build.0 = Release|Any CPU
		{A727B4DB-A908-C542-FCF2-2C77B3E0412D}.Debug|Any CPU.ActiveCfg = Debug|Any CPU
		{A727B4DB-A908-C542-FCF2-2C77B3E0412D}.Debug|Any CPU.Build.0 = Debug|Any CPU
		{A727B4DB-A908-C542-FCF2-2C77B3E0412D}.Release|Any CPU.ActiveCfg = Release|Any CPU
		{A727B4DB-A908-C542-FCF2-2C77B3E0412D}.Release|Any CPU.Build.0 = Release|Any CPU
		{9661600F-9E2E-EC39-AFA2-64DBC15CE967}.Debug|Any CPU.ActiveCfg = Debug|Any CPU
		{9661600F-9E2E-EC39-AFA2-64DBC15CE967}.Debug|Any CPU.Build.0 = Debug|Any CPU
		{9661600F-9E2E-EC39-AFA2-64DBC15CE967}.Release|Any CPU.ActiveCfg = Release|Any CPU
		{9661600F-9E2E-EC39-AFA2-64DBC15CE967}.Release|Any CPU.Build.0 = Release|Any CPU
		{96827434-6D81-4D07-B82D-FDAD22BDD051}.Debug|Any CPU.ActiveCfg = Debug|Any CPU
		{96827434-6D81-4D07-B82D-FDAD22BDD051}.Debug|Any CPU.Build.0 = Debug|Any CPU
		{96827434-6D81-4D07-B82D-FDAD22BDD051}.Release|Any CPU.ActiveCfg = Release|Any CPU
		{96827434-6D81-4D07-B82D-FDAD22BDD051}.Release|Any CPU.Build.0 = Release|Any CPU
		{1CE2D77B-C8C1-4EDC-836B-3C2A385A31E2}.Debug|Any CPU.ActiveCfg = Debug|Any CPU
		{1CE2D77B-C8C1-4EDC-836B-3C2A385A31E2}.Debug|Any CPU.Build.0 = Debug|Any CPU
		{1CE2D77B-C8C1-4EDC-836B-3C2A385A31E2}.Release|Any CPU.ActiveCfg = Release|Any CPU
		{1CE2D77B-C8C1-4EDC-836B-3C2A385A31E2}.Release|Any CPU.Build.0 = Release|Any CPU
		{DC202464-2962-4094-8648-03DE67976089}.Debug|Any CPU.ActiveCfg = Debug|Any CPU
		{DC202464-2962-4094-8648-03DE67976089}.Debug|Any CPU.Build.0 = Debug|Any CPU
		{DC202464-2962-4094-8648-03DE67976089}.Release|Any CPU.ActiveCfg = Release|Any CPU
		{DC202464-2962-4094-8648-03DE67976089}.Release|Any CPU.Build.0 = Release|Any CPU
		{26754133-AC86-471A-91DA-901A641F7D82}.Debug|Any CPU.ActiveCfg = Debug|Any CPU
		{26754133-AC86-471A-91DA-901A641F7D82}.Debug|Any CPU.Build.0 = Debug|Any CPU
		{26754133-AC86-471A-91DA-901A641F7D82}.Release|Any CPU.ActiveCfg = Release|Any CPU
		{26754133-AC86-471A-91DA-901A641F7D82}.Release|Any CPU.Build.0 = Release|Any CPU
		{AF7FEB28-D073-4CB7-83A1-9FED30EF23A5}.Debug|Any CPU.ActiveCfg = Debug|Any CPU
		{AF7FEB28-D073-4CB7-83A1-9FED30EF23A5}.Debug|Any CPU.Build.0 = Debug|Any CPU
		{AF7FEB28-D073-4CB7-83A1-9FED30EF23A5}.Release|Any CPU.ActiveCfg = Release|Any CPU
		{AF7FEB28-D073-4CB7-83A1-9FED30EF23A5}.Release|Any CPU.Build.0 = Release|Any CPU
		{23346C16-8945-473A-920C-F0DEB0CD08CD}.Debug|Any CPU.ActiveCfg = Debug|Any CPU
		{23346C16-8945-473A-920C-F0DEB0CD08CD}.Debug|Any CPU.Build.0 = Debug|Any CPU
		{23346C16-8945-473A-920C-F0DEB0CD08CD}.Release|Any CPU.ActiveCfg = Release|Any CPU
		{23346C16-8945-473A-920C-F0DEB0CD08CD}.Release|Any CPU.Build.0 = Release|Any CPU
		{7469DA2D-5F9E-4C3E-86E9-F7C94BC80176}.Debug|Any CPU.ActiveCfg = Debug|Any CPU
		{7469DA2D-5F9E-4C3E-86E9-F7C94BC80176}.Debug|Any CPU.Build.0 = Debug|Any CPU
		{7469DA2D-5F9E-4C3E-86E9-F7C94BC80176}.Release|Any CPU.ActiveCfg = Release|Any CPU
		{7469DA2D-5F9E-4C3E-86E9-F7C94BC80176}.Release|Any CPU.Build.0 = Release|Any CPU
		{F4054D1B-421E-41ED-A1AA-7FA17C5ED71E}.Debug|Any CPU.ActiveCfg = Debug|Any CPU
		{F4054D1B-421E-41ED-A1AA-7FA17C5ED71E}.Debug|Any CPU.Build.0 = Debug|Any CPU
		{F4054D1B-421E-41ED-A1AA-7FA17C5ED71E}.Release|Any CPU.ActiveCfg = Release|Any CPU
		{F4054D1B-421E-41ED-A1AA-7FA17C5ED71E}.Release|Any CPU.Build.0 = Release|Any CPU
		{47C3CE43-BBA5-42AA-9713-153FC7726218}.Debug|Any CPU.ActiveCfg = Debug|Any CPU
		{47C3CE43-BBA5-42AA-9713-153FC7726218}.Debug|Any CPU.Build.0 = Debug|Any CPU
		{47C3CE43-BBA5-42AA-9713-153FC7726218}.Release|Any CPU.ActiveCfg = Release|Any CPU
		{47C3CE43-BBA5-42AA-9713-153FC7726218}.Release|Any CPU.Build.0 = Release|Any CPU
		{7828B381-59DB-4A16-AED4-49726043298E}.Debug|Any CPU.ActiveCfg = Debug|Any CPU
		{7828B381-59DB-4A16-AED4-49726043298E}.Debug|Any CPU.Build.0 = Debug|Any CPU
		{7828B381-59DB-4A16-AED4-49726043298E}.Release|Any CPU.ActiveCfg = Release|Any CPU
		{7828B381-59DB-4A16-AED4-49726043298E}.Release|Any CPU.Build.0 = Release|Any CPU
		{E7C71E48-BABC-4967-B020-E49A9D2FF6FA}.Debug|Any CPU.ActiveCfg = Debug|Any CPU
		{E7C71E48-BABC-4967-B020-E49A9D2FF6FA}.Debug|Any CPU.Build.0 = Debug|Any CPU
		{E7C71E48-BABC-4967-B020-E49A9D2FF6FA}.Release|Any CPU.ActiveCfg = Release|Any CPU
		{E7C71E48-BABC-4967-B020-E49A9D2FF6FA}.Release|Any CPU.Build.0 = Release|Any CPU
		{A870D640-E6B6-4204-A662-E1139944FB7F}.Debug|Any CPU.ActiveCfg = Debug|Any CPU
		{A870D640-E6B6-4204-A662-E1139944FB7F}.Debug|Any CPU.Build.0 = Debug|Any CPU
		{A870D640-E6B6-4204-A662-E1139944FB7F}.Release|Any CPU.ActiveCfg = Release|Any CPU
		{A870D640-E6B6-4204-A662-E1139944FB7F}.Release|Any CPU.Build.0 = Release|Any CPU
		{C523AE4D-F3E1-409B-AB84-C79BE981F780}.Debug|Any CPU.ActiveCfg = Debug|Any CPU
		{C523AE4D-F3E1-409B-AB84-C79BE981F780}.Debug|Any CPU.Build.0 = Debug|Any CPU
		{C523AE4D-F3E1-409B-AB84-C79BE981F780}.Release|Any CPU.ActiveCfg = Release|Any CPU
		{C523AE4D-F3E1-409B-AB84-C79BE981F780}.Release|Any CPU.Build.0 = Release|Any CPU
		{7E01440B-9613-4A8B-82CC-5A6EC2D1592A}.Debug|Any CPU.ActiveCfg = Debug|Any CPU
		{7E01440B-9613-4A8B-82CC-5A6EC2D1592A}.Debug|Any CPU.Build.0 = Debug|Any CPU
		{7E01440B-9613-4A8B-82CC-5A6EC2D1592A}.Release|Any CPU.ActiveCfg = Release|Any CPU
		{7E01440B-9613-4A8B-82CC-5A6EC2D1592A}.Release|Any CPU.Build.0 = Release|Any CPU
		{9B95125D-9B25-4ACE-8BCD-77F0579A233F}.Debug|Any CPU.ActiveCfg = Debug|Any CPU
		{9B95125D-9B25-4ACE-8BCD-77F0579A233F}.Debug|Any CPU.Build.0 = Debug|Any CPU
		{9B95125D-9B25-4ACE-8BCD-77F0579A233F}.Release|Any CPU.ActiveCfg = Release|Any CPU
		{9B95125D-9B25-4ACE-8BCD-77F0579A233F}.Release|Any CPU.Build.0 = Release|Any CPU
		{DEB4AA33-ABD8-4108-B7EF-7FF3E32F3F6B}.Debug|Any CPU.ActiveCfg = Debug|Any CPU
		{DEB4AA33-ABD8-4108-B7EF-7FF3E32F3F6B}.Debug|Any CPU.Build.0 = Debug|Any CPU
		{DEB4AA33-ABD8-4108-B7EF-7FF3E32F3F6B}.Release|Any CPU.ActiveCfg = Release|Any CPU
		{DEB4AA33-ABD8-4108-B7EF-7FF3E32F3F6B}.Release|Any CPU.Build.0 = Release|Any CPU
		{3088D3EB-6064-4724-BD7E-9EBB63B5BEE7}.Debug|Any CPU.ActiveCfg = Debug|Any CPU
		{3088D3EB-6064-4724-BD7E-9EBB63B5BEE7}.Debug|Any CPU.Build.0 = Debug|Any CPU
		{3088D3EB-6064-4724-BD7E-9EBB63B5BEE7}.Release|Any CPU.ActiveCfg = Release|Any CPU
		{3088D3EB-6064-4724-BD7E-9EBB63B5BEE7}.Release|Any CPU.Build.0 = Release|Any CPU
		{4F1956FF-98E8-480F-8E91-5857A6721A96}.Debug|Any CPU.ActiveCfg = Debug|Any CPU
		{4F1956FF-98E8-480F-8E91-5857A6721A96}.Debug|Any CPU.Build.0 = Debug|Any CPU
		{4F1956FF-98E8-480F-8E91-5857A6721A96}.Release|Any CPU.ActiveCfg = Release|Any CPU
		{4F1956FF-98E8-480F-8E91-5857A6721A96}.Release|Any CPU.Build.0 = Release|Any CPU
		{9483D2C5-E3F0-4BD6-A51E-87F3A23653AA}.Debug|Any CPU.ActiveCfg = Debug|Any CPU
		{9483D2C5-E3F0-4BD6-A51E-87F3A23653AA}.Debug|Any CPU.Build.0 = Debug|Any CPU
		{9483D2C5-E3F0-4BD6-A51E-87F3A23653AA}.Release|Any CPU.ActiveCfg = Release|Any CPU
		{9483D2C5-E3F0-4BD6-A51E-87F3A23653AA}.Release|Any CPU.Build.0 = Release|Any CPU
		{30CD0DB9-378F-4DBA-8F86-2936C1356C54}.Debug|Any CPU.ActiveCfg = Debug|Any CPU
		{30CD0DB9-378F-4DBA-8F86-2936C1356C54}.Debug|Any CPU.Build.0 = Debug|Any CPU
		{30CD0DB9-378F-4DBA-8F86-2936C1356C54}.Release|Any CPU.ActiveCfg = Release|Any CPU
		{30CD0DB9-378F-4DBA-8F86-2936C1356C54}.Release|Any CPU.Build.0 = Release|Any CPU
		{A6FF96DC-2485-4795-9A71-69A31932E8C9}.Debug|Any CPU.ActiveCfg = Debug|Any CPU
		{A6FF96DC-2485-4795-9A71-69A31932E8C9}.Debug|Any CPU.Build.0 = Debug|Any CPU
		{A6FF96DC-2485-4795-9A71-69A31932E8C9}.Release|Any CPU.ActiveCfg = Release|Any CPU
		{A6FF96DC-2485-4795-9A71-69A31932E8C9}.Release|Any CPU.Build.0 = Release|Any CPU
		{B9675A46-2A37-4057-B79D-084310C675EC}.Debug|Any CPU.ActiveCfg = Debug|Any CPU
		{B9675A46-2A37-4057-B79D-084310C675EC}.Debug|Any CPU.Build.0 = Debug|Any CPU
		{B9675A46-2A37-4057-B79D-084310C675EC}.Release|Any CPU.ActiveCfg = Release|Any CPU
		{B9675A46-2A37-4057-B79D-084310C675EC}.Release|Any CPU.Build.0 = Release|Any CPU
		{BA3B5C5E-D6A4-39ED-6760-036CDB62E249}.Debug|Any CPU.ActiveCfg = Debug|Any CPU
		{BA3B5C5E-D6A4-39ED-6760-036CDB62E249}.Debug|Any CPU.Build.0 = Debug|Any CPU
		{BA3B5C5E-D6A4-39ED-6760-036CDB62E249}.Release|Any CPU.ActiveCfg = Release|Any CPU
		{BA3B5C5E-D6A4-39ED-6760-036CDB62E249}.Release|Any CPU.Build.0 = Release|Any CPU
		{3F2FC97C-ABB6-448A-9F02-F5B2CB54C50A}.Debug|Any CPU.ActiveCfg = Debug|Any CPU
		{3F2FC97C-ABB6-448A-9F02-F5B2CB54C50A}.Debug|Any CPU.Build.0 = Debug|Any CPU
		{3F2FC97C-ABB6-448A-9F02-F5B2CB54C50A}.Release|Any CPU.ActiveCfg = Release|Any CPU
		{3F2FC97C-ABB6-448A-9F02-F5B2CB54C50A}.Release|Any CPU.Build.0 = Release|Any CPU
		{B3EF536E-913B-40D6-A5AE-D58CE9EB0D23}.Debug|Any CPU.ActiveCfg = Debug|Any CPU
		{B3EF536E-913B-40D6-A5AE-D58CE9EB0D23}.Debug|Any CPU.Build.0 = Debug|Any CPU
		{B3EF536E-913B-40D6-A5AE-D58CE9EB0D23}.Release|Any CPU.ActiveCfg = Release|Any CPU
		{B3EF536E-913B-40D6-A5AE-D58CE9EB0D23}.Release|Any CPU.Build.0 = Release|Any CPU
		{6EF7678A-A725-F430-3097-30F090C0100A}.Debug|Any CPU.ActiveCfg = Debug|Any CPU
		{6EF7678A-A725-F430-3097-30F090C0100A}.Debug|Any CPU.Build.0 = Debug|Any CPU
		{6EF7678A-A725-F430-3097-30F090C0100A}.Release|Any CPU.ActiveCfg = Release|Any CPU
		{6EF7678A-A725-F430-3097-30F090C0100A}.Release|Any CPU.Build.0 = Release|Any CPU
		{010D0C11-D6A2-3CA6-3281-4E0FD547EC2D}.Debug|Any CPU.ActiveCfg = Debug|Any CPU
		{010D0C11-D6A2-3CA6-3281-4E0FD547EC2D}.Debug|Any CPU.Build.0 = Debug|Any CPU
		{010D0C11-D6A2-3CA6-3281-4E0FD547EC2D}.Release|Any CPU.ActiveCfg = Release|Any CPU
		{010D0C11-D6A2-3CA6-3281-4E0FD547EC2D}.Release|Any CPU.Build.0 = Release|Any CPU
		{16F64792-B317-4B0B-98AC-48E370B27EB9}.Debug|Any CPU.ActiveCfg = Debug|Any CPU
		{16F64792-B317-4B0B-98AC-48E370B27EB9}.Debug|Any CPU.Build.0 = Debug|Any CPU
		{16F64792-B317-4B0B-98AC-48E370B27EB9}.Release|Any CPU.ActiveCfg = Release|Any CPU
		{16F64792-B317-4B0B-98AC-48E370B27EB9}.Release|Any CPU.Build.0 = Release|Any CPU
		{0F59E2AD-F079-4B6E-874E-090CF1A72C90}.Debug|Any CPU.ActiveCfg = Debug|Any CPU
		{0F59E2AD-F079-4B6E-874E-090CF1A72C90}.Debug|Any CPU.Build.0 = Debug|Any CPU
		{0F59E2AD-F079-4B6E-874E-090CF1A72C90}.Release|Any CPU.ActiveCfg = Release|Any CPU
		{0F59E2AD-F079-4B6E-874E-090CF1A72C90}.Release|Any CPU.Build.0 = Release|Any CPU
		{32503FBE-ACC9-5F3A-E201-EDA1D29F31DD}.Debug|Any CPU.ActiveCfg = Debug|Any CPU
		{32503FBE-ACC9-5F3A-E201-EDA1D29F31DD}.Debug|Any CPU.Build.0 = Debug|Any CPU
		{32503FBE-ACC9-5F3A-E201-EDA1D29F31DD}.Release|Any CPU.ActiveCfg = Release|Any CPU
		{32503FBE-ACC9-5F3A-E201-EDA1D29F31DD}.Release|Any CPU.Build.0 = Release|Any CPU
		{17BFE3D5-C381-9558-25D1-0FE4716074A9}.Debug|Any CPU.ActiveCfg = Debug|Any CPU
		{17BFE3D5-C381-9558-25D1-0FE4716074A9}.Debug|Any CPU.Build.0 = Debug|Any CPU
		{17BFE3D5-C381-9558-25D1-0FE4716074A9}.Release|Any CPU.ActiveCfg = Release|Any CPU
		{17BFE3D5-C381-9558-25D1-0FE4716074A9}.Release|Any CPU.Build.0 = Release|Any CPU
		{D19B0484-16C2-494F-A4F2-A6905B99166E}.Debug|Any CPU.ActiveCfg = Debug|Any CPU
		{D19B0484-16C2-494F-A4F2-A6905B99166E}.Debug|Any CPU.Build.0 = Debug|Any CPU
		{D19B0484-16C2-494F-A4F2-A6905B99166E}.Release|Any CPU.ActiveCfg = Release|Any CPU
		{D19B0484-16C2-494F-A4F2-A6905B99166E}.Release|Any CPU.Build.0 = Release|Any CPU
		{3036301C-D54C-4103-9A71-AAA88A1DB076}.Debug|Any CPU.ActiveCfg = Debug|Any CPU
		{3036301C-D54C-4103-9A71-AAA88A1DB076}.Debug|Any CPU.Build.0 = Debug|Any CPU
		{3036301C-D54C-4103-9A71-AAA88A1DB076}.Release|Any CPU.ActiveCfg = Release|Any CPU
		{3036301C-D54C-4103-9A71-AAA88A1DB076}.Release|Any CPU.Build.0 = Release|Any CPU
		{2AA25DBB-27C1-4339-9F72-EAD9AF68DAA3}.Debug|Any CPU.ActiveCfg = Debug|Any CPU
		{2AA25DBB-27C1-4339-9F72-EAD9AF68DAA3}.Debug|Any CPU.Build.0 = Debug|Any CPU
		{2AA25DBB-27C1-4339-9F72-EAD9AF68DAA3}.Release|Any CPU.ActiveCfg = Release|Any CPU
		{2AA25DBB-27C1-4339-9F72-EAD9AF68DAA3}.Release|Any CPU.Build.0 = Release|Any CPU
		{48AEF8E9-35C8-4ABD-B3AC-3B0F557A1068}.Debug|Any CPU.ActiveCfg = Debug|Any CPU
		{48AEF8E9-35C8-4ABD-B3AC-3B0F557A1068}.Debug|Any CPU.Build.0 = Debug|Any CPU
		{48AEF8E9-35C8-4ABD-B3AC-3B0F557A1068}.Release|Any CPU.ActiveCfg = Release|Any CPU
		{48AEF8E9-35C8-4ABD-B3AC-3B0F557A1068}.Release|Any CPU.Build.0 = Release|Any CPU
		{F3DDC1C3-B2D4-4A9E-AC06-8232977422F7}.Debug|Any CPU.ActiveCfg = Debug|Any CPU
		{F3DDC1C3-B2D4-4A9E-AC06-8232977422F7}.Debug|Any CPU.Build.0 = Debug|Any CPU
		{F3DDC1C3-B2D4-4A9E-AC06-8232977422F7}.Release|Any CPU.ActiveCfg = Release|Any CPU
		{F3DDC1C3-B2D4-4A9E-AC06-8232977422F7}.Release|Any CPU.Build.0 = Release|Any CPU
		{D660D1BB-ECC6-4005-A43E-0525E9DE9C87}.Debug|Any CPU.ActiveCfg = Debug|Any CPU
		{D660D1BB-ECC6-4005-A43E-0525E9DE9C87}.Debug|Any CPU.Build.0 = Debug|Any CPU
		{D660D1BB-ECC6-4005-A43E-0525E9DE9C87}.Release|Any CPU.ActiveCfg = Release|Any CPU
		{D660D1BB-ECC6-4005-A43E-0525E9DE9C87}.Release|Any CPU.Build.0 = Release|Any CPU
		{10BC6CE2-E178-405B-8EF1-434AD0500383}.Debug|Any CPU.ActiveCfg = Debug|Any CPU
		{10BC6CE2-E178-405B-8EF1-434AD0500383}.Debug|Any CPU.Build.0 = Debug|Any CPU
		{10BC6CE2-E178-405B-8EF1-434AD0500383}.Release|Any CPU.ActiveCfg = Release|Any CPU
		{10BC6CE2-E178-405B-8EF1-434AD0500383}.Release|Any CPU.Build.0 = Release|Any CPU
		{73517B99-26F1-434A-A7AA-71B3E8B903A2}.Debug|Any CPU.ActiveCfg = Debug|Any CPU
		{73517B99-26F1-434A-A7AA-71B3E8B903A2}.Debug|Any CPU.Build.0 = Debug|Any CPU
		{73517B99-26F1-434A-A7AA-71B3E8B903A2}.Release|Any CPU.ActiveCfg = Release|Any CPU
		{73517B99-26F1-434A-A7AA-71B3E8B903A2}.Release|Any CPU.Build.0 = Release|Any CPU
		{8303AEC9-5E3C-4BAF-96F2-D0ED29ADA488}.Debug|Any CPU.ActiveCfg = Debug|Any CPU
		{8303AEC9-5E3C-4BAF-96F2-D0ED29ADA488}.Debug|Any CPU.Build.0 = Debug|Any CPU
		{8303AEC9-5E3C-4BAF-96F2-D0ED29ADA488}.Release|Any CPU.ActiveCfg = Release|Any CPU
		{8303AEC9-5E3C-4BAF-96F2-D0ED29ADA488}.Release|Any CPU.Build.0 = Release|Any CPU
		{06C16350-ACC0-4728-A272-92A5F0A1F5DD}.Debug|Any CPU.ActiveCfg = Debug|Any CPU
		{06C16350-ACC0-4728-A272-92A5F0A1F5DD}.Debug|Any CPU.Build.0 = Debug|Any CPU
		{06C16350-ACC0-4728-A272-92A5F0A1F5DD}.Release|Any CPU.ActiveCfg = Release|Any CPU
		{06C16350-ACC0-4728-A272-92A5F0A1F5DD}.Release|Any CPU.Build.0 = Release|Any CPU
		{165AF511-EF3C-4655-9640-70904BA9FBED}.Debug|Any CPU.ActiveCfg = Debug|Any CPU
		{165AF511-EF3C-4655-9640-70904BA9FBED}.Debug|Any CPU.Build.0 = Debug|Any CPU
		{165AF511-EF3C-4655-9640-70904BA9FBED}.Release|Any CPU.ActiveCfg = Release|Any CPU
		{165AF511-EF3C-4655-9640-70904BA9FBED}.Release|Any CPU.Build.0 = Release|Any CPU
		{FA077A0F-AB42-48EB-84E3-497FA9B8EDA0}.Debug|Any CPU.ActiveCfg = Debug|Any CPU
		{FA077A0F-AB42-48EB-84E3-497FA9B8EDA0}.Debug|Any CPU.Build.0 = Debug|Any CPU
		{FA077A0F-AB42-48EB-84E3-497FA9B8EDA0}.Release|Any CPU.ActiveCfg = Release|Any CPU
		{FA077A0F-AB42-48EB-84E3-497FA9B8EDA0}.Release|Any CPU.Build.0 = Release|Any CPU
		{424C7EB7-17AE-4419-9674-6D27A7BCB68D}.Debug|Any CPU.ActiveCfg = Debug|Any CPU
		{424C7EB7-17AE-4419-9674-6D27A7BCB68D}.Debug|Any CPU.Build.0 = Debug|Any CPU
		{424C7EB7-17AE-4419-9674-6D27A7BCB68D}.Release|Any CPU.ActiveCfg = Release|Any CPU
		{424C7EB7-17AE-4419-9674-6D27A7BCB68D}.Release|Any CPU.Build.0 = Release|Any CPU
		{9305C9F5-1722-4F16-A737-ED52007BF82D}.Debug|Any CPU.ActiveCfg = Debug|Any CPU
		{9305C9F5-1722-4F16-A737-ED52007BF82D}.Debug|Any CPU.Build.0 = Debug|Any CPU
		{9305C9F5-1722-4F16-A737-ED52007BF82D}.Release|Any CPU.ActiveCfg = Release|Any CPU
		{9305C9F5-1722-4F16-A737-ED52007BF82D}.Release|Any CPU.Build.0 = Release|Any CPU
		{38459577-3C4B-486C-9D25-B06D969132EA}.Debug|Any CPU.ActiveCfg = Debug|Any CPU
		{38459577-3C4B-486C-9D25-B06D969132EA}.Debug|Any CPU.Build.0 = Debug|Any CPU
		{38459577-3C4B-486C-9D25-B06D969132EA}.Release|Any CPU.ActiveCfg = Release|Any CPU
		{38459577-3C4B-486C-9D25-B06D969132EA}.Release|Any CPU.Build.0 = Release|Any CPU
		{1A0DAAAA-F359-401E-BA69-311AEE378C0B}.Debug|Any CPU.ActiveCfg = Debug|Any CPU
		{1A0DAAAA-F359-401E-BA69-311AEE378C0B}.Debug|Any CPU.Build.0 = Debug|Any CPU
		{1A0DAAAA-F359-401E-BA69-311AEE378C0B}.Release|Any CPU.ActiveCfg = Release|Any CPU
		{1A0DAAAA-F359-401E-BA69-311AEE378C0B}.Release|Any CPU.Build.0 = Release|Any CPU
		{FC8A8BD2-1E90-477C-A057-5F6AEAA81946}.Debug|Any CPU.ActiveCfg = Debug|Any CPU
		{FC8A8BD2-1E90-477C-A057-5F6AEAA81946}.Debug|Any CPU.Build.0 = Debug|Any CPU
		{FC8A8BD2-1E90-477C-A057-5F6AEAA81946}.Release|Any CPU.ActiveCfg = Release|Any CPU
		{FC8A8BD2-1E90-477C-A057-5F6AEAA81946}.Release|Any CPU.Build.0 = Release|Any CPU
		{88A9C364-E91C-4B34-A59D-8DF3E9B11E52}.Debug|Any CPU.ActiveCfg = Debug|Any CPU
		{88A9C364-E91C-4B34-A59D-8DF3E9B11E52}.Debug|Any CPU.Build.0 = Debug|Any CPU
		{88A9C364-E91C-4B34-A59D-8DF3E9B11E52}.Release|Any CPU.ActiveCfg = Release|Any CPU
		{88A9C364-E91C-4B34-A59D-8DF3E9B11E52}.Release|Any CPU.Build.0 = Release|Any CPU
		{29F4190D-A025-4638-AF72-FF8B4D0109D4}.Debug|Any CPU.ActiveCfg = Debug|Any CPU
		{29F4190D-A025-4638-AF72-FF8B4D0109D4}.Debug|Any CPU.Build.0 = Debug|Any CPU
		{29F4190D-A025-4638-AF72-FF8B4D0109D4}.Release|Any CPU.ActiveCfg = Release|Any CPU
		{29F4190D-A025-4638-AF72-FF8B4D0109D4}.Release|Any CPU.Build.0 = Release|Any CPU
		{34086659-6595-46D7-8D10-751270616B80}.Debug|Any CPU.ActiveCfg = Debug|Any CPU
		{34086659-6595-46D7-8D10-751270616B80}.Debug|Any CPU.Build.0 = Debug|Any CPU
		{34086659-6595-46D7-8D10-751270616B80}.Release|Any CPU.ActiveCfg = Release|Any CPU
		{34086659-6595-46D7-8D10-751270616B80}.Release|Any CPU.Build.0 = Release|Any CPU
		{EF36F4DC-BC96-41C7-9907-3994B3FC39B3}.Debug|Any CPU.ActiveCfg = Debug|Any CPU
		{EF36F4DC-BC96-41C7-9907-3994B3FC39B3}.Debug|Any CPU.Build.0 = Debug|Any CPU
		{EF36F4DC-BC96-41C7-9907-3994B3FC39B3}.Release|Any CPU.ActiveCfg = Release|Any CPU
		{EF36F4DC-BC96-41C7-9907-3994B3FC39B3}.Release|Any CPU.Build.0 = Release|Any CPU
		{976253CB-8551-4975-A1A1-8A27BC49592D}.Debug|Any CPU.ActiveCfg = Debug|Any CPU
		{976253CB-8551-4975-A1A1-8A27BC49592D}.Debug|Any CPU.Build.0 = Debug|Any CPU
		{976253CB-8551-4975-A1A1-8A27BC49592D}.Release|Any CPU.ActiveCfg = Release|Any CPU
		{976253CB-8551-4975-A1A1-8A27BC49592D}.Release|Any CPU.Build.0 = Release|Any CPU
		{18FAF39B-4964-4269-A12C-62C4FC17E7DB}.Debug|Any CPU.ActiveCfg = Debug|Any CPU
		{18FAF39B-4964-4269-A12C-62C4FC17E7DB}.Debug|Any CPU.Build.0 = Debug|Any CPU
		{18FAF39B-4964-4269-A12C-62C4FC17E7DB}.Release|Any CPU.ActiveCfg = Release|Any CPU
		{18FAF39B-4964-4269-A12C-62C4FC17E7DB}.Release|Any CPU.Build.0 = Release|Any CPU
		{EF0C118C-70E1-4A15-931C-B5A3405C5E8B}.Debug|Any CPU.ActiveCfg = Debug|Any CPU
		{EF0C118C-70E1-4A15-931C-B5A3405C5E8B}.Debug|Any CPU.Build.0 = Debug|Any CPU
		{EF0C118C-70E1-4A15-931C-B5A3405C5E8B}.Release|Any CPU.ActiveCfg = Release|Any CPU
		{EF0C118C-70E1-4A15-931C-B5A3405C5E8B}.Release|Any CPU.Build.0 = Release|Any CPU
		{6B7A7131-39C0-44B0-840A-0556F0333B88}.Debug|Any CPU.ActiveCfg = Debug|Any CPU
		{6B7A7131-39C0-44B0-840A-0556F0333B88}.Debug|Any CPU.Build.0 = Debug|Any CPU
		{6B7A7131-39C0-44B0-840A-0556F0333B88}.Release|Any CPU.ActiveCfg = Release|Any CPU
		{6B7A7131-39C0-44B0-840A-0556F0333B88}.Release|Any CPU.Build.0 = Release|Any CPU
		{79455BBF-8FB7-462A-B2C6-8817F1F931F7}.Debug|Any CPU.ActiveCfg = Debug|Any CPU
		{79455BBF-8FB7-462A-B2C6-8817F1F931F7}.Debug|Any CPU.Build.0 = Debug|Any CPU
		{79455BBF-8FB7-462A-B2C6-8817F1F931F7}.Release|Any CPU.ActiveCfg = Release|Any CPU
		{79455BBF-8FB7-462A-B2C6-8817F1F931F7}.Release|Any CPU.Build.0 = Release|Any CPU
		{AF8FE01E-636A-45B0-BF5B-4AC98EE4595E}.Debug|Any CPU.ActiveCfg = Debug|Any CPU
		{AF8FE01E-636A-45B0-BF5B-4AC98EE4595E}.Debug|Any CPU.Build.0 = Debug|Any CPU
		{AF8FE01E-636A-45B0-BF5B-4AC98EE4595E}.Release|Any CPU.ActiveCfg = Release|Any CPU
		{AF8FE01E-636A-45B0-BF5B-4AC98EE4595E}.Release|Any CPU.Build.0 = Release|Any CPU
		{8770ABC9-F3E3-41A6-BCCF-CF78B6DF11F7}.Debug|Any CPU.ActiveCfg = Debug|Any CPU
		{8770ABC9-F3E3-41A6-BCCF-CF78B6DF11F7}.Debug|Any CPU.Build.0 = Debug|Any CPU
		{8770ABC9-F3E3-41A6-BCCF-CF78B6DF11F7}.Release|Any CPU.ActiveCfg = Release|Any CPU
		{8770ABC9-F3E3-41A6-BCCF-CF78B6DF11F7}.Release|Any CPU.Build.0 = Release|Any CPU
		{17CDCD2F-47A5-4504-B4DA-EF92EAA73618}.Debug|Any CPU.ActiveCfg = Debug|Any CPU
		{17CDCD2F-47A5-4504-B4DA-EF92EAA73618}.Debug|Any CPU.Build.0 = Debug|Any CPU
		{17CDCD2F-47A5-4504-B4DA-EF92EAA73618}.Release|Any CPU.ActiveCfg = Release|Any CPU
		{17CDCD2F-47A5-4504-B4DA-EF92EAA73618}.Release|Any CPU.Build.0 = Release|Any CPU
		{F0B05920-50B4-428D-AF22-620A23CF5433}.Debug|Any CPU.ActiveCfg = Debug|Any CPU
		{F0B05920-50B4-428D-AF22-620A23CF5433}.Debug|Any CPU.Build.0 = Debug|Any CPU
		{F0B05920-50B4-428D-AF22-620A23CF5433}.Release|Any CPU.ActiveCfg = Release|Any CPU
		{F0B05920-50B4-428D-AF22-620A23CF5433}.Release|Any CPU.Build.0 = Release|Any CPU
		{9A04275F-D078-4C10-9A1C-971B85F9DA70}.Debug|Any CPU.ActiveCfg = Debug|Any CPU
		{9A04275F-D078-4C10-9A1C-971B85F9DA70}.Debug|Any CPU.Build.0 = Debug|Any CPU
		{9A04275F-D078-4C10-9A1C-971B85F9DA70}.Release|Any CPU.ActiveCfg = Release|Any CPU
		{9A04275F-D078-4C10-9A1C-971B85F9DA70}.Release|Any CPU.Build.0 = Release|Any CPU
		{C9A1E9A5-6010-42B5-BF14-C5913B93BCDF}.Debug|Any CPU.ActiveCfg = Debug|Any CPU
		{C9A1E9A5-6010-42B5-BF14-C5913B93BCDF}.Debug|Any CPU.Build.0 = Debug|Any CPU
		{C9A1E9A5-6010-42B5-BF14-C5913B93BCDF}.Release|Any CPU.ActiveCfg = Release|Any CPU
		{C9A1E9A5-6010-42B5-BF14-C5913B93BCDF}.Release|Any CPU.Build.0 = Release|Any CPU
		{DAB3DE16-3EE6-4CFC-8235-AC7CC3809D32}.Debug|Any CPU.ActiveCfg = Debug|Any CPU
		{DAB3DE16-3EE6-4CFC-8235-AC7CC3809D32}.Debug|Any CPU.Build.0 = Debug|Any CPU
		{DAB3DE16-3EE6-4CFC-8235-AC7CC3809D32}.Release|Any CPU.ActiveCfg = Release|Any CPU
		{DAB3DE16-3EE6-4CFC-8235-AC7CC3809D32}.Release|Any CPU.Build.0 = Release|Any CPU
		{99B1B997-21AA-453E-A837-09D154E980C8}.Debug|Any CPU.ActiveCfg = Debug|Any CPU
		{99B1B997-21AA-453E-A837-09D154E980C8}.Debug|Any CPU.Build.0 = Debug|Any CPU
		{99B1B997-21AA-453E-A837-09D154E980C8}.Release|Any CPU.ActiveCfg = Release|Any CPU
		{99B1B997-21AA-453E-A837-09D154E980C8}.Release|Any CPU.Build.0 = Release|Any CPU
	EndGlobalSection
	GlobalSection(SolutionProperties) = preSolution
		HideSolutionNode = FALSE
	EndGlobalSection
	GlobalSection(NestedProjects) = preSolution
		{E80389DF-02A5-4D62-9D4C-9A2D8401A811} = {DDB4EF12-CC4E-5E88-E6FC-71A802F4DE97}
		{914B07C5-9A4D-4AB7-ACFA-B547FE3A6A99} = {FF41652B-327B-4960-A44B-99E8801684BC}
		{4D2E57B9-0DD4-4A93-A60C-CAE103E6403B} = {FF41652B-327B-4960-A44B-99E8801684BC}
		{F46849CB-CA83-4C54-9154-030BDE4E5A3A} = {4D2E57B9-0DD4-4A93-A60C-CAE103E6403B}
		{0DA0BCDC-7BD4-4CED-A637-5E1E858D4659} = {BABDCBF2-69B7-42FB-A29E-43A858D9F262}
		{9C32A035-F82A-4B78-8280-257147676357} = {BABDCBF2-69B7-42FB-A29E-43A858D9F262}
		{3C9F421C-B2D9-4079-AA89-112389A20330} = {FF41652B-327B-4960-A44B-99E8801684BC}
		{D285FB50-384B-4727-A5AE-A4B01AE81379} = {3C9F421C-B2D9-4079-AA89-112389A20330}
		{A727B4DB-A908-C542-FCF2-2C77B3E0412D} = {3707F3AC-D262-4ED2-9066-E526F1378E33}
		{8ABA432C-5E43-4A8E-B8AE-3E6E727B80C3} = {3707F3AC-D262-4ED2-9066-E526F1378E33}
		{9661600F-9E2E-EC39-AFA2-64DBC15CE967} = {8ABA432C-5E43-4A8E-B8AE-3E6E727B80C3}
		{27EEB132-2120-4689-B57F-EC6A648F49E2} = {3707F3AC-D262-4ED2-9066-E526F1378E33}
		{96827434-6D81-4D07-B82D-FDAD22BDD051} = {27EEB132-2120-4689-B57F-EC6A648F49E2}
		{1CE2D77B-C8C1-4EDC-836B-3C2A385A31E2} = {3707F3AC-D262-4ED2-9066-E526F1378E33}
		{DC202464-2962-4094-8648-03DE67976089} = {8ABA432C-5E43-4A8E-B8AE-3E6E727B80C3}
		{26754133-AC86-471A-91DA-901A641F7D82} = {96E87D5F-D9DE-4F2A-8227-FB768E566213}
		{1C3D6C91-2DA7-4E07-950F-88C1740020FC} = {96E87D5F-D9DE-4F2A-8227-FB768E566213}
		{AF7FEB28-D073-4CB7-83A1-9FED30EF23A5} = {1C3D6C91-2DA7-4E07-950F-88C1740020FC}
		{23346C16-8945-473A-920C-F0DEB0CD08CD} = {1C3D6C91-2DA7-4E07-950F-88C1740020FC}
		{7469DA2D-5F9E-4C3E-86E9-F7C94BC80176} = {7B362B1B-A9BF-464C-A176-043C048A928C}
		{31C39B11-77F3-4D26-95A9-99750D74D2E1} = {7CB34CE4-5112-4EB3-8306-BA8C7E89D4B6}
		{F4054D1B-421E-41ED-A1AA-7FA17C5ED71E} = {31C39B11-77F3-4D26-95A9-99750D74D2E1}
		{47C3CE43-BBA5-42AA-9713-153FC7726218} = {7CB34CE4-5112-4EB3-8306-BA8C7E89D4B6}
		{7828B381-59DB-4A16-AED4-49726043298E} = {7CB34CE4-5112-4EB3-8306-BA8C7E89D4B6}
		{E7C71E48-BABC-4967-B020-E49A9D2FF6FA} = {31C39B11-77F3-4D26-95A9-99750D74D2E1}
		{A870D640-E6B6-4204-A662-E1139944FB7F} = {F63833CF-D61C-4311-AB94-2B6E4F021490}
		{207D8C4D-8D9F-4F69-880F-7CE33A0E8797} = {F63833CF-D61C-4311-AB94-2B6E4F021490}
		{C523AE4D-F3E1-409B-AB84-C79BE981F780} = {207D8C4D-8D9F-4F69-880F-7CE33A0E8797}
		{7E01440B-9613-4A8B-82CC-5A6EC2D1592A} = {207D8C4D-8D9F-4F69-880F-7CE33A0E8797}
		{9B95125D-9B25-4ACE-8BCD-77F0579A233F} = {207D8C4D-8D9F-4F69-880F-7CE33A0E8797}
		{DEB4AA33-ABD8-4108-B7EF-7FF3E32F3F6B} = {207D8C4D-8D9F-4F69-880F-7CE33A0E8797}
		{3088D3EB-6064-4724-BD7E-9EBB63B5BEE7} = {F63833CF-D61C-4311-AB94-2B6E4F021490}
		{643AD9C4-0821-4B54-9E01-0D56C70B6BC7} = {D80979E4-BD5F-491D-AF89-6EE7FC465DAB}
		{4F1956FF-98E8-480F-8E91-5857A6721A96} = {D80979E4-BD5F-491D-AF89-6EE7FC465DAB}
		{9483D2C5-E3F0-4BD6-A51E-87F3A23653AA} = {D80979E4-BD5F-491D-AF89-6EE7FC465DAB}
		{30CD0DB9-378F-4DBA-8F86-2936C1356C54} = {643AD9C4-0821-4B54-9E01-0D56C70B6BC7}
		{A6FF96DC-2485-4795-9A71-69A31932E8C9} = {643AD9C4-0821-4B54-9E01-0D56C70B6BC7}
		{EF0666F1-A422-4316-9C0F-19927AC854BC} = {408E878E-6EAF-4103-8F18-A4C459EFE80E}
		{B9675A46-2A37-4057-B79D-084310C675EC} = {EF0666F1-A422-4316-9C0F-19927AC854BC}
		{BA3B5C5E-D6A4-39ED-6760-036CDB62E249} = {EF0666F1-A422-4316-9C0F-19927AC854BC}
		{3F2FC97C-ABB6-448A-9F02-F5B2CB54C50A} = {408E878E-6EAF-4103-8F18-A4C459EFE80E}
		{B3EF536E-913B-40D6-A5AE-D58CE9EB0D23} = {EF0666F1-A422-4316-9C0F-19927AC854BC}
		{6EF7678A-A725-F430-3097-30F090C0100A} = {35819D6E-E250-443D-8D09-9A924C3AF0F6}
		{010D0C11-D6A2-3CA6-3281-4E0FD547EC2D} = {35819D6E-E250-443D-8D09-9A924C3AF0F6}
		{16F64792-B317-4B0B-98AC-48E370B27EB9} = {59EF722E-1E47-4819-A39C-52653C9ADC93}
		{44991D2C-4113-4087-BC0E-DB5A47DC7C77} = {59EF722E-1E47-4819-A39C-52653C9ADC93}
		{0F59E2AD-F079-4B6E-874E-090CF1A72C90} = {44991D2C-4113-4087-BC0E-DB5A47DC7C77}
		{32503FBE-ACC9-5F3A-E201-EDA1D29F31DD} = {44991D2C-4113-4087-BC0E-DB5A47DC7C77}
		{17BFE3D5-C381-9558-25D1-0FE4716074A9} = {44991D2C-4113-4087-BC0E-DB5A47DC7C77}
		{D19B0484-16C2-494F-A4F2-A6905B99166E} = {BABDCBF2-69B7-42FB-A29E-43A858D9F262}
		{2F6ABEAE-E72E-480F-BA2F-A2060A3B5817} = {E19DFFE4-990B-4107-939D-64E3A54AE4F8}
		{3036301C-D54C-4103-9A71-AAA88A1DB076} = {2F6ABEAE-E72E-480F-BA2F-A2060A3B5817}
		{2AA25DBB-27C1-4339-9F72-EAD9AF68DAA3} = {E19DFFE4-990B-4107-939D-64E3A54AE4F8}
		{48AEF8E9-35C8-4ABD-B3AC-3B0F557A1068} = {2F6ABEAE-E72E-480F-BA2F-A2060A3B5817}
		{F3DDC1C3-B2D4-4A9E-AC06-8232977422F7} = {2F6ABEAE-E72E-480F-BA2F-A2060A3B5817}
		{D660D1BB-ECC6-4005-A43E-0525E9DE9C87} = {BABDCBF2-69B7-42FB-A29E-43A858D9F262}
		{10BC6CE2-E178-405B-8EF1-434AD0500383} = {F64358B1-D231-43BE-9612-FA2329457ECC}
		{17153D85-EE6C-4135-ADA2-D25D4E8FCCF3} = {F64358B1-D231-43BE-9612-FA2329457ECC}
		{73517B99-26F1-434A-A7AA-71B3E8B903A2} = {17153D85-EE6C-4135-ADA2-D25D4E8FCCF3}
		{8303AEC9-5E3C-4BAF-96F2-D0ED29ADA488} = {17153D85-EE6C-4135-ADA2-D25D4E8FCCF3}
		{06C16350-ACC0-4728-A272-92A5F0A1F5DD} = {F64358B1-D231-43BE-9612-FA2329457ECC}
		{165AF511-EF3C-4655-9640-70904BA9FBED} = {17153D85-EE6C-4135-ADA2-D25D4E8FCCF3}
		{FA077A0F-AB42-48EB-84E3-497FA9B8EDA0} = {F64358B1-D231-43BE-9612-FA2329457ECC}
		{424C7EB7-17AE-4419-9674-6D27A7BCB68D} = {17153D85-EE6C-4135-ADA2-D25D4E8FCCF3}
		{9305C9F5-1722-4F16-A737-ED52007BF82D} = {17153D85-EE6C-4135-ADA2-D25D4E8FCCF3}
		{38459577-3C4B-486C-9D25-B06D969132EA} = {85759B11-7529-4C50-A6FC-E5462BB83950}
		{1A0DAAAA-F359-401E-BA69-311AEE378C0B} = {85759B11-7529-4C50-A6FC-E5462BB83950}
		{FC8A8BD2-1E90-477C-A057-5F6AEAA81946} = {85759B11-7529-4C50-A6FC-E5462BB83950}
		{88A9C364-E91C-4B34-A59D-8DF3E9B11E52} = {85759B11-7529-4C50-A6FC-E5462BB83950}
		{29F4190D-A025-4638-AF72-FF8B4D0109D4} = {85759B11-7529-4C50-A6FC-E5462BB83950}
		{34086659-6595-46D7-8D10-751270616B80} = {85759B11-7529-4C50-A6FC-E5462BB83950}
		{EF36F4DC-BC96-41C7-9907-3994B3FC39B3} = {85759B11-7529-4C50-A6FC-E5462BB83950}
		{976253CB-8551-4975-A1A1-8A27BC49592D} = {6B959610-6586-4F84-8559-325415FD8E32}
		{18FAF39B-4964-4269-A12C-62C4FC17E7DB} = {6B959610-6586-4F84-8559-325415FD8E32}
		{EF0C118C-70E1-4A15-931C-B5A3405C5E8B} = {3AC0BD0A-E9AE-4E2F-97DE-000E65D55518}
		{C6247E4F-3344-4FEB-9F12-26F8DC42F60E} = {3AC0BD0A-E9AE-4E2F-97DE-000E65D55518}
		{6B7A7131-39C0-44B0-840A-0556F0333B88} = {C6247E4F-3344-4FEB-9F12-26F8DC42F60E}
		{79455BBF-8FB7-462A-B2C6-8817F1F931F7} = {63D29617-2E36-4ABD-AF59-14D11CFA8F86}
		{B6F1F073-8BE6-4D01-92ED-6313C1BD076A} = {63D29617-2E36-4ABD-AF59-14D11CFA8F86}
		{AF8FE01E-636A-45B0-BF5B-4AC98EE4595E} = {B6F1F073-8BE6-4D01-92ED-6313C1BD076A}
		{8770ABC9-F3E3-41A6-BCCF-CF78B6DF11F7} = {63D29617-2E36-4ABD-AF59-14D11CFA8F86}
		{17CDCD2F-47A5-4504-B4DA-EF92EAA73618} = {63D29617-2E36-4ABD-AF59-14D11CFA8F86}
		{F0B05920-50B4-428D-AF22-620A23CF5433} = {63D29617-2E36-4ABD-AF59-14D11CFA8F86}
		{35F591EE-AA6F-471A-9213-D8C3E3D13226} = {78311438-9A9E-4B93-898A-2769BBBA87E6}
		{9A04275F-D078-4C10-9A1C-971B85F9DA70} = {35F591EE-AA6F-471A-9213-D8C3E3D13226}
		{C9A1E9A5-6010-42B5-BF14-C5913B93BCDF} = {2EA82FE4-D950-4B26-A240-EECBF05C9C5D}
		{7669B4FD-8BD3-45E9-8129-6BCFDAA318EC} = {2EA82FE4-D950-4B26-A240-EECBF05C9C5D}
		{DAB3DE16-3EE6-4CFC-8235-AC7CC3809D32} = {7669B4FD-8BD3-45E9-8129-6BCFDAA318EC}
		{99B1B997-21AA-453E-A837-09D154E980C8} = {7669B4FD-8BD3-45E9-8129-6BCFDAA318EC}
	EndGlobalSection
	GlobalSection(ExtensibilityGlobals) = postSolution
		SolutionGuid = {57A57A27-F23B-47BE-8DCD-A6E02D011F7F}
	EndGlobalSection
EndGlobal
